
Microsoft Visual Studio Solution File, Format Version 12.00
# Visual Studio 2015
Project("{FAE04EC0-301F-11D3-BF4B-00C04F79EFBC}") = "NoteCAD", "NoteCAD.csproj", "{0C6AB4BC-C7CF-8FD9-DC84-E461F47A6CE8}"
EndProject
Global
	GlobalSection(SolutionConfigurationPlatforms) = preSolution
		Debug|Any CPU = Debug|Any CPU
		Release|Any CPU = Release|Any CPU
	EndGlobalSection
	GlobalSection(ProjectConfigurationPlatforms) = postSolution
		{0C6AB4BC-C7CF-8FD9-DC84-E461F47A6CE8}.Debug|Any CPU.ActiveCfg = Debug|Any CPU
		{0C6AB4BC-C7CF-8FD9-DC84-E461F47A6CE8}.Debug|Any CPU.Build.0 = Debug|Any CPU
		{0C6AB4BC-C7CF-8FD9-DC84-E461F47A6CE8}.Release|Any CPU.ActiveCfg = Release|Any CPU
		{0C6AB4BC-C7CF-8FD9-DC84-E461F47A6CE8}.Release|Any CPU.Build.0 = Release|Any CPU
	EndGlobalSection
	GlobalSection(SolutionProperties) = preSolution
		HideSolutionNode = FALSE
	EndGlobalSection
EndGlobal
